{
  "version": 4,
  "terraform_version": "1.1.4",
  "serial": 13,
  "lineage": "99cbdad4-3325-36fc-3869-178f4ef62e84",
  "outputs": {},
  "resources": [
    {
      "mode": "managed",
      "type": "newrelic_one_dashboard",
      "name": "test_dashboard",
      "provider": "provider[\"registry.terraform.io/newrelic/newrelic\"]",
      "instances": [
        {
          "schema_version": 0,
          "attributes": {
            "account_id": 3516124,
            "description": null,
            "guid": "MzUxNjEyNHxWSVp8REFTSEJPQVJEfGRhOjE0OTE2NjI",
            "id": "MzUxNjEyNHxWSVp8REFTSEJPQVJEfGRhOjE0OTE2NjI",
            "name": "Nishant's Local Dashboard",
            "page": [
              {
                "description": "",
                "guid": "MzUxNjEyNHxWSVp8REFTSEJPQVJEfDQ3NDkwOTE",
                "name": "test_dashboard",
                "widget_area": [],
                "widget_bar": [
                  {
                    "column": 7,
                    "filter_current_dashboard": false,
                    "height": 3,
                    "id": "86328392",
                    "ignore_time_range": false,
                    "linked_entity_guids": [],
                    "nrql_query": [
                      {
                        "account_id": 3516124,
                        "query": "SELECT average(cpuSystemPercent) AS 'System', average(cpuIOWaitPercent) AS 'I/O wait', average(cpuUserPercent) AS 'User', average(cpuStealPercent) AS 'Steal' FROM SystemSample TIMESERIES SINCE 1800 seconds ago EXTRAPOLATE"
                      }
                    ],
                    "row": 1,
                    "title": "CPU Average in last 30 minuts",
                    "width": 6
                  },
                  {
                    "column": 7,
                    "filter_current_dashboard": false,
                    "height": 3,
                    "id": "86326371",
                    "ignore_time_range": false,
                    "linked_entity_guids": [],
                    "nrql_query": [
                      {
                        "account_id": 3516124,
                        "query": "SELECT average(memoryUsedBytes / memoryTotalBytes * 100) AS 'Used %', average(memoryFreeBytes / memoryTotalBytes * 100) AS 'Free %' FROM SystemSample TIMESERIES SINCE 1800 seconds ago EXTRAPOLATE"
                      }
                    ],
                    "row": 1,
                    "title": "Mermory Average in last 30 minuts",
                    "width": 6
                  },
                  {
                    "column": 7,
                    "filter_current_dashboard": false,
                    "height": 3,
                    "id": "86332594",
                    "ignore_time_range": false,
                    "linked_entity_guids": [],
                    "nrql_query": [
                      {
                        "account_id": 3516124,
                        "query": "SELECT average(loadAverageOneMinute) AS 'One minute', average(loadAverageFiveMinute) AS 'Five minute', average(loadAverageFifteenMinute) AS 'Fifteen minute' FROM SystemSample TIMESERIES SINCE 1800 seconds ago EXTRAPOLATE"
                      }
                    ],
                    "row": 1,
                    "title": "Load Average",
                    "width": 6
                  }
                ],
                "widget_billboard": [
                  {
                    "column": 1,
                    "critical": "",
                    "height": 3,
                    "id": "86326372",
                    "ignore_time_range": false,
                    "nrql_query": [
                      {
                        "account_id": 3516124,
                        "query": "SELECT count(*) FROM Log TIMESERIES SINCE 1800 seconds ago EXTRAPOLATE"
                      }
                    ],
                    "row": 1,
                    "title": "Logs",
                    "warning": "",
                    "width": 6
                  }
                ],
                "widget_bullet": [],
                "widget_funnel": [],
                "widget_heatmap": [],
                "widget_histogram": [],
                "widget_json": [],
                "widget_line": [],
                "widget_markdown": [],
                "widget_pie": [],
                "widget_stacked_bar": [],
                "widget_table": []
              }
            ],
            "permalink": "https://one.newrelic.com/redirect/entity/MzUxNjEyNHxWSVp8REFTSEJPQVJEfGRhOjE0OTE2NjI",
            "permissions": "public_read_only"
          },
          "sensitive_attributes": [],
          "private": "bnVsbA=="
        }
      ]
    }
  ]
}
